{
  "name": "hr-diagram",
  "lockfileVersion": 3,
  "requires": true,
  "packages": {
    "": {
      "dependencies": {
        "plotly.js-dist": "^3.5.1"
      }
    },
    "node_modules/plotly.js-dist": {
      "version": "3.5.1",
      "resolved": "https://registry.npmjs.org/plotly.js-dist/-/plotly.js-dist-3.5.1.tgz",
      "integrity": "sha512-ZalyufrVSy5R7y1FWCJZSkm/ACw/5fid6taqUkR8HZfHPBkUDAdxSg1+Rjhe5kB/euLqq/PF4Ug9kD1NeLOmxQ==",
      "license": "MIT"
    }
  }
}
